
Microsoft Visual Studio Solution File, Format Version 12.00
# Visual Studio Version 17
VisualStudioVersion = 17.7.34031.279
MinimumVisualStudioVersion = 10.0.40219.1
Project("{FAE04EC0-301F-11D3-BF4B-00C04F79EFBC}") = "GeolocalizadorX.Android", "GeolocalizadorX.Android\GeolocalizadorX.Android.csproj", "{B1E12725-AFA0-43A4-B465-89721B8390A8}"
EndProject
Project("{FAE04EC0-301F-11D3-BF4B-00C04F79EFBC}") = "GeolocalizadorX.iOS", "GeolocalizadorX.iOS\GeolocalizadorX.iOS.csproj", "{B02D1A7D-E209-46FA-A14D-75CEC659BBAE}"
EndProject
Project("{FAE04EC0-301F-11D3-BF4B-00C04F79EFBC}") = "GeolocalizadorX", "GeolocalizadorX\GeolocalizadorX.csproj", "{26EC9956-E9EF-4DC3-8B8F-72638F7FE782}"
EndProject
Global
	GlobalSection(SolutionConfigurationPlatforms) = preSolution
		Debug|Any CPU = Debug|Any CPU
		Debug|iPhone = Debug|iPhone
		Debug|iPhoneSimulator = Debug|iPhoneSimulator
		Release|Any CPU = Release|Any CPU
		Release|iPhone = Release|iPhone
		Release|iPhoneSimulator = Release|iPhoneSimulator
	EndGlobalSection
	GlobalSection(ProjectConfigurationPlatforms) = postSolution
		{B1E12725-AFA0-43A4-B465-89721B8390A8}.Debug|Any CPU.ActiveCfg = Debug|Any CPU
		{B1E12725-AFA0-43A4-B465-89721B8390A8}.Debug|Any CPU.Build.0 = Debug|Any CPU
		{B1E12725-AFA0-43A4-B465-89721B8390A8}.Debug|Any CPU.Deploy.0 = Debug|Any CPU
		{B1E12725-AFA0-43A4-B465-89721B8390A8}.Debug|iPhone.ActiveCfg = Debug|Any CPU
		{B1E12725-AFA0-43A4-B465-89721B8390A8}.Debug|iPhone.Build.0 = Debug|Any CPU
		{B1E12725-AFA0-43A4-B465-89721B8390A8}.Debug|iPhone.Deploy.0 = Debug|Any CPU
		{B1E12725-AFA0-43A4-B465-89721B8390A8}.Debug|iPhoneSimulator.ActiveCfg = Debug|Any CPU
		{B1E12725-AFA0-43A4-B465-89721B8390A8}.Debug|iPhoneSimulator.Build.0 = Debug|Any CPU
		{B1E12725-AFA0-43A4-B465-89721B8390A8}.Debug|iPhoneSimulator.Deploy.0 = Debug|Any CPU
		{B1E12725-AFA0-43A4-B465-89721B8390A8}.Release|Any CPU.ActiveCfg = Release|Any CPU
		{B1E12725-AFA0-43A4-B465-89721B8390A8}.Release|Any CPU.Build.0 = Release|Any CPU
		{B1E12725-AFA0-43A4-B465-89721B8390A8}.Release|Any CPU.Deploy.0 = Release|Any CPU
		{B1E12725-AFA0-43A4-B465-89721B8390A8}.Release|iPhone.ActiveCfg = Release|Any CPU
		{B1E12725-AFA0-43A4-B465-89721B8390A8}.Release|iPhone.Build.0 = Release|Any CPU
		{B1E12725-AFA0-43A4-B465-89721B8390A8}.Release|iPhone.Deploy.0 = Release|Any CPU
		{B1E12725-AFA0-43A4-B465-89721B8390A8}.Release|iPhoneSimulator.ActiveCfg = Release|Any CPU
		{B1E12725-AFA0-43A4-B465-89721B8390A8}.Release|iPhoneSimulator.Build.0 = Release|Any CPU
		{B1E12725-AFA0-43A4-B465-89721B8390A8}.Release|iPhoneSimulator.Deploy.0 = Release|Any CPU
		{B02D1A7D-E209-46FA-A14D-75CEC659BBAE}.Debug|Any CPU.ActiveCfg = Debug|iPhone
		{B02D1A7D-E209-46FA-A14D-75CEC659BBAE}.Debug|Any CPU.Build.0 = Debug|iPhone
		{B02D1A7D-E209-46FA-A14D-75CEC659BBAE}.Debug|Any CPU.Deploy.0 = Debug|iPhone
		{B02D1A7D-E209-46FA-A14D-75CEC659BBAE}.Debug|iPhone.ActiveCfg = Debug|iPhone
		{B02D1A7D-E209-46FA-A14D-75CEC659BBAE}.Debug|iPhone.Build.0 = Debug|iPhone
		{B02D1A7D-E209-46FA-A14D-75CEC659BBAE}.Debug|iPhone.Deploy.0 = Debug|iPhone
		{B02D1A7D-E209-46FA-A14D-75CEC659BBAE}.Debug|iPhoneSimulator.ActiveCfg = Debug|iPhoneSimulator
		{B02D1A7D-E209-46FA-A14D-75CEC659BBAE}.Debug|iPhoneSimulator.Build.0 = Debug|iPhoneSimulator
		{B02D1A7D-E209-46FA-A14D-75CEC659BBAE}.Debug|iPhoneSimulator.Deploy.0 = Debug|iPhoneSimulator
		{B02D1A7D-E209-46FA-A14D-75CEC659BBAE}.Release|Any CPU.ActiveCfg = Release|iPhoneSimulator
		{B02D1A7D-E209-46FA-A14D-75CEC659BBAE}.Release|Any CPU.Build.0 = Release|iPhoneSimulator
		{B02D1A7D-E209-46FA-A14D-75CEC659BBAE}.Release|Any CPU.Deploy.0 = Release|iPhoneSimulator
		{B02D1A7D-E209-46FA-A14D-75CEC659BBAE}.Release|iPhone.ActiveCfg = Release|iPhone
		{B02D1A7D-E209-46FA-A14D-75CEC659BBAE}.Release|iPhone.Build.0 = Release|iPhone
		{B02D1A7D-E209-46FA-A14D-75CEC659BBAE}.Release|iPhone.Deploy.0 = Release|iPhone
		{B02D1A7D-E209-46FA-A14D-75CEC659BBAE}.Release|iPhoneSimulator.ActiveCfg = Release|iPhoneSimulator
		{B02D1A7D-E209-46FA-A14D-75CEC659BBAE}.Release|iPhoneSimulator.Build.0 = Release|iPhoneSimulator
		{B02D1A7D-E209-46FA-A14D-75CEC659BBAE}.Release|iPhoneSimulator.Deploy.0 = Release|iPhoneSimulator
		{26EC9956-E9EF-4DC3-8B8F-72638F7FE782}.Debug|Any CPU.ActiveCfg = Debug|Any CPU
		{26EC9956-E9EF-4DC3-8B8F-72638F7FE782}.Debug|Any CPU.Build.0 = Debug|Any CPU
		{26EC9956-E9EF-4DC3-8B8F-72638F7FE782}.Debug|Any CPU.Deploy.0 = Debug|Any CPU
		{26EC9956-E9EF-4DC3-8B8F-72638F7FE782}.Debug|iPhone.ActiveCfg = Debug|Any CPU
		{26EC9956-E9EF-4DC3-8B8F-72638F7FE782}.Debug|iPhone.Build.0 = Debug|Any CPU
		{26EC9956-E9EF-4DC3-8B8F-72638F7FE782}.Debug|iPhone.Deploy.0 = Debug|Any CPU
		{26EC9956-E9EF-4DC3-8B8F-72638F7FE782}.Debug|iPhoneSimulator.ActiveCfg = Debug|Any CPU
		{26EC9956-E9EF-4DC3-8B8F-72638F7FE782}.Debug|iPhoneSimulator.Build.0 = Debug|Any CPU
		{26EC9956-E9EF-4DC3-8B8F-72638F7FE782}.Debug|iPhoneSimulator.Deploy.0 = Debug|Any CPU
		{26EC9956-E9EF-4DC3-8B8F-72638F7FE782}.Release|Any CPU.ActiveCfg = Release|Any CPU
		{26EC9956-E9EF-4DC3-8B8F-72638F7FE782}.Release|Any CPU.Build.0 = Release|Any CPU
		{26EC9956-E9EF-4DC3-8B8F-72638F7FE782}.Release|Any CPU.Deploy.0 = Release|Any CPU
		{26EC9956-E9EF-4DC3-8B8F-72638F7FE782}.Release|iPhone.ActiveCfg = Release|Any CPU
		{26EC9956-E9EF-4DC3-8B8F-72638F7FE782}.Release|iPhone.Build.0 = Release|Any CPU
		{26EC9956-E9EF-4DC3-8B8F-72638F7FE782}.Release|iPhone.Deploy.0 = Release|Any CPU
		{26EC9956-E9EF-4DC3-8B8F-72638F7FE782}.Release|iPhoneSimulator.ActiveCfg = Release|Any CPU
		{26EC9956-E9EF-4DC3-8B8F-72638F7FE782}.Release|iPhoneSimulator.Build.0 = Release|Any CPU
		{26EC9956-E9EF-4DC3-8B8F-72638F7FE782}.Release|iPhoneSimulator.Deploy.0 = Release|Any CPU
	EndGlobalSection
	GlobalSection(SolutionProperties) = preSolution
		HideSolutionNode = FALSE
	EndGlobalSection
	GlobalSection(ExtensibilityGlobals) = postSolution
		SolutionGuid = {CF069FBB-9B6A-4CFC-B694-B0B3761C79AE}
	EndGlobalSection
EndGlobal
